// !$*UTF8*$!
{
	archiveVersion = 1;
	classes = {
	};
	objectVersion = 46;
	objects = {

/* Begin PBXBuildFile section */
		3229E06C1B7B1BE4002E4608 /* main.m in Sources */ = {isa = PBXBuildFile; fileRef = 3229E06B1B7B1BE4002E4608 /* main.m */; };
		3229E06F1B7B1BE4002E4608 /* AppDelegate.m in Sources */ = {isa = PBXBuildFile; fileRef = 3229E06E1B7B1BE4002E4608 /* AppDelegate.m */; };
		3229E0721B7B1BE4002E4608 /* ViewController.m in Sources */ = {isa = PBXBuildFile; fileRef = 3229E0711B7B1BE4002E4608 /* ViewController.m */; };
		3229E0751B7B1BE4002E4608 /* Main.storyboard in Resources */ = {isa = PBXBuildFile; fileRef = 3229E0731B7B1BE4002E4608 /* Main.storyboard */; };
		3229E0771B7B1BE4002E4608 /* Images.xcassets in Resources */ = {isa = PBXBuildFile; fileRef = 3229E0761B7B1BE4002E4608 /* Images.xcassets */; };
		3229E07A1B7B1BE4002E4608 /* LaunchScreen.xib in Resources */ = {isa = PBXBuildFile; fileRef = 3229E0781B7B1BE4002E4608 /* LaunchScreen.xib */; };
		3229E0861B7B1BE4002E4608 /* TipsTTests.m in Sources */ = {isa = PBXBuildFile; fileRef = 3229E0851B7B1BE4002E4608 /* TipsTTests.m */; };
		3229E0961B7B1BFC002E4608 /* NSObject+Toast.m in Sources */ = {isa = PBXBuildFile; fileRef = 3229E0911B7B1BFC002E4608 /* NSObject+Toast.m */; };
		3229E09A1B7B2845002E4608 /* TipsView.m in Sources */ = {isa = PBXBuildFile; fileRef = 3229E0991B7B2845002E4608 /* TipsView.m */; };
/* End PBXBuildFile section */

/* Begin PBXContainerItemProxy section */
		3229E0801B7B1BE4002E4608 /* PBXContainerItemProxy */ = {
			isa = PBXContainerItemProxy;
			containerPortal = 3229E05E1B7B1BE3002E4608 /* Project object */;
			proxyType = 1;
			remoteGlobalIDString = 3229E0651B7B1BE4002E4608;
			remoteInfo = TipsT;
		};
/* End PBXContainerItemProxy section */

/* Begin PBXFileReference section */
		3229E0661B7B1BE4002E4608 /* TipsT.app */ = {isa = PBXFileReference; explicitFileType = wrapper.application; includeInIndex = 0; path = TipsT.app; sourceTree = BUILT_PRODUCTS_DIR; };
		3229E06A1B7B1BE4002E4608 /* Info.plist */ = {isa = PBXFileReference; lastKnownFileType = text.plist.xml; path = Info.plist; sourceTree = "<group>"; };
		3229E06B1B7B1BE4002E4608 /* main.m */ = {isa = PBXFileReference; lastKnownFileType = sourcecode.c.objc; path = main.m; sourceTree = "<group>"; };
		3229E06D1B7B1BE4002E4608 /* AppDelegate.h */ = {isa = PBXFileReference; lastKnownFileType = sourcecode.c.h; path = AppDelegate.h; sourceTree = "<group>"; };
		3229E06E1B7B1BE4002E4608 /* AppDelegate.m */ = {isa = PBXFileReference; lastKnownFileType = sourcecode.c.objc; path = AppDelegate.m; sourceTree = "<group>"; };
		3229E0701B7B1BE4002E4608 /* ViewController.h */ = {isa = PBXFileReference; lastKnownFileType = sourcecode.c.h; path = ViewController.h; sourceTree = "<group>"; };
		3229E0711B7B1BE4002E4608 /* ViewController.m */ = {isa = PBXFileReference; lastKnownFileType = sourcecode.c.objc; path = ViewController.m; sourceTree = "<group>"; };
		3229E0741B7B1BE4002E4608 /* Base */ = {isa = PBXFileReference; lastKnownFileType = file.storyboard; name = Base; path = Base.lproj/Main.storyboard; sourceTree = "<group>"; };
		3229E0761B7B1BE4002E4608 /* Images.xcassets */ = {isa = PBXFileReference; lastKnownFileType = folder.assetcatalog; path = Images.xcassets; sourceTree = "<group>"; };
		3229E0791B7B1BE4002E4608 /* Base */ = {isa = PBXFileReference; lastKnownFileType = file.xib; name = Base; path = Base.lproj/LaunchScreen.xib; sourceTree = "<group>"; };
		3229E07F1B7B1BE4002E4608 /* TipsTTests.xctest */ = {isa = PBXFileReference; explicitFileType = wrapper.cfbundle; includeInIndex = 0; path = TipsTTests.xctest; sourceTree = BUILT_PRODUCTS_DIR; };
		3229E0841B7B1BE4002E4608 /* Info.plist */ = {isa = PBXFileReference; lastKnownFileType = text.plist.xml; path = Info.plist; sourceTree = "<group>"; };
		3229E0851B7B1BE4002E4608 /* TipsTTests.m */ = {isa = PBXFileReference; lastKnownFileType = sourcecode.c.objc; path = TipsTTests.m; sourceTree = "<group>"; };
		3229E0901B7B1BFC002E4608 /* NSObject+Toast.h */ = {isa = PBXFileReference; fileEncoding = 4; lastKnownFileType = sourcecode.c.h; path = "NSObject+Toast.h"; sourceTree = "<group>"; };
		3229E0911B7B1BFC002E4608 /* NSObject+Toast.m */ = {isa = PBXFileReference; fileEncoding = 4; lastKnownFileType = sourcecode.c.objc; path = "NSObject+Toast.m"; sourceTree = "<group>"; };
		3229E0981B7B2845002E4608 /* TipsView.h */ = {isa = PBXFileReference; fileEncoding = 4; lastKnownFileType = sourcecode.c.h; path = TipsView.h; sourceTree = "<group>"; };
		3229E0991B7B2845002E4608 /* TipsView.m */ = {isa = PBXFileReference; fileEncoding = 4; lastKnownFileType = sourcecode.c.objc; path = TipsView.m; sourceTree = "<group>"; };
/* End PBXFileReference section */

/* Begin PBXFrameworksBuildPhase section */
		3229E0631B7B1BE4002E4608 /* Frameworks */ = {
			isa = PBXFrameworksBuildPhase;
			buildActionMask = 2147483647;
			files = (
			);
			runOnlyForDeploymentPostprocessing = 0;
		};
		3229E07C1B7B1BE4002E4608 /* Frameworks */ = {
			isa = PBXFrameworksBuildPhase;
			buildActionMask = 2147483647;
			files = (
			);
			runOnlyForDeploymentPostprocessing = 0;
		};
/* End PBXFrameworksBuildPhase section */

/* Begin PBXGroup section */
		3229E05D1B7B1BE3002E4608 = {
			isa = PBXGroup;
			children = (
				3229E0681B7B1BE4002E4608 /* TipsT */,
				3229E0821B7B1BE4002E4608 /* TipsTTests */,
				3229E0671B7B1BE4002E4608 /* Products */,
			);
			sourceTree = "<group>";
		};
		3229E0671B7B1BE4002E4608 /* Products */ = {
			isa = PBXGroup;
			children = (
				3229E0661B7B1BE4002E4608 /* TipsT.app */,
				3229E07F1B7B1BE4002E4608 /* TipsTTests.xctest */,
			);
			name = Products;
			sourceTree = "<group>";
		};
		3229E0681B7B1BE4002E4608 /* TipsT */ = {
			isa = PBXGroup;
			children = (
				3229E08F1B7B1BFC002E4608 /* Toast */,
				3229E06D1B7B1BE4002E4608 /* AppDelegate.h */,
				3229E06E1B7B1BE4002E4608 /* AppDelegate.m */,
				3229E0701B7B1BE4002E4608 /* ViewController.h */,
				3229E0711B7B1BE4002E4608 /* ViewController.m */,
				3229E0731B7B1BE4002E4608 /* Main.storyboard */,
				3229E0761B7B1BE4002E4608 /* Images.xcassets */,
				3229E0781B7B1BE4002E4608 /* LaunchScreen.xib */,
				3229E0691B7B1BE4002E4608 /* Supporting Files */,
			);
			path = TipsT;
			sourceTree = "<group>";
		};
		3229E0691B7B1BE4002E4608 /* Supporting Files */ = {
			isa = PBXGroup;
			children = (
				3229E06A1B7B1BE4002E4608 /* Info.plist */,
				3229E06B1B7B1BE4002E4608 /* main.m */,
			);
			name = "Supporting Files";
			sourceTree = "<group>";
		};
		3229E0821B7B1BE4002E4608 /* TipsTTests */ = {
			isa = PBXGroup;
			children = (
				3229E0851B7B1BE4002E4608 /* TipsTTests.m */,
				3229E0831B7B1BE4002E4608 /* Supporting Files */,
			);
			path = TipsTTests;
			sourceTree = "<group>";
		};
		3229E0831B7B1BE4002E4608 /* Supporting Files */ = {
			isa = PBXGroup;
			children = (
				3229E0841B7B1BE4002E4608 /* Info.plist */,
			);
			name = "Supporting Files";
			sourceTree = "<group>";
		};
		3229E08F1B7B1BFC002E4608 /* Toast */ = {
			isa = PBXGroup;
			children = (
				3229E0901B7B1BFC002E4608 /* NSObject+Toast.h */,
				3229E0911B7B1BFC002E4608 /* NSObject+Toast.m */,
				3229E0981B7B2845002E4608 /* TipsView.h */,
				3229E0991B7B2845002E4608 /* TipsView.m */,
			);
			path = Toast;
			sourceTree = "<group>";
		};
/* End PBXGroup section */

/* Begin PBXNativeTarget section */
		3229E0651B7B1BE4002E4608 /* TipsT */ = {
			isa = PBXNativeTarget;
			buildConfigurationList = 3229E0891B7B1BE4002E4608 /* Build configuration list for PBXNativeTarget "TipsT" */;
			buildPhases = (
				3229E0621B7B1BE4002E4608 /* Sources */,
				3229E0631B7B1BE4002E4608 /* Frameworks */,
				3229E0641B7B1BE4002E4608 /* Resources */,
			);
			buildRules = (
			);
			dependencies = (
			);
			name = TipsT;
			productName = TipsT;
			productReference = 3229E0661B7B1BE4002E4608 /* TipsT.app */;
			productType = "com.apple.product-type.application";
		};
		3229E07E1B7B1BE4002E4608 /* TipsTTests */ = {
			isa = PBXNativeTarget;
			buildConfigurationList = 3229E08C1B7B1BE4002E4608 /* Build configuration list for PBXNativeTarget "TipsTTests" */;
			buildPhases = (
				3229E07B1B7B1BE4002E4608 /* Sources */,
				3229E07C1B7B1BE4002E4608 /* Frameworks */,
				3229E07D1B7B1BE4002E4608 /* Resources */,
			);
			buildRules = (
			);
			dependencies = (
				3229E0811B7B1BE4002E4608 /* PBXTargetDependency */,
			);
			name = TipsTTests;
			productName = TipsTTests;
			productReference = 3229E07F1B7B1BE4002E4608 /* TipsTTests.xctest */;
			productType = "com.apple.product-type.bundle.unit-test";
		};
/* End PBXNativeTarget section */

/* Begin PBXProject section */
		3229E05E1B7B1BE3002E4608 /* Project object */ = {
			isa = PBXProject;
			attributes = {
				LastUpgradeCheck = 0640;
				ORGANIZATIONNAME = "geek-zoo";
				TargetAttributes = {
					3229E0651B7B1BE4002E4608 = {
						CreatedOnToolsVersion = 6.4;
					};
					3229E07E1B7B1BE4002E4608 = {
						CreatedOnToolsVersion = 6.4;
						TestTargetID = 3229E0651B7B1BE4002E4608;
					};
				};
			};
			buildConfigurationList = 3229E0611B7B1BE3002E4608 /* Build configuration list for PBXProject "TipsT" */;
			compatibilityVersion = "Xcode 3.2";
			developmentRegion = English;
			hasScannedForEncodings = 0;
			knownRegions = (
				en,
				Base,
			);
			mainGroup = 3229E05D1B7B1BE3002E4608;
			productRefGroup = 3229E0671B7B1BE4002E4608 /* Products */;
			projectDirPath = "";
			projectRoot = "";
			targets = (
				3229E0651B7B1BE4002E4608 /* TipsT */,
				3229E07E1B7B1BE4002E4608 /* TipsTTests */,
			);
		};
/* End PBXProject section */

/* Begin PBXResourcesBuildPhase section */
		3229E0641B7B1BE4002E4608 /* Resources */ = {
			isa = PBXResourcesBuildPhase;
			buildActionMask = 2147483647;
			files = (
				3229E0751B7B1BE4002E4608 /* Main.storyboard in Resources */,
				3229E07A1B7B1BE4002E4608 /* LaunchScreen.xib in Resources */,
				3229E0771B7B1BE4002E4608 /* Images.xcassets in Resources */,
			);
			runOnlyForDeploymentPostprocessing = 0;
		};
		3229E07D1B7B1BE4002E4608 /* Resources */ = {
			isa = PBXResourcesBuildPhase;
			buildActionMask = 2147483647;
			files = (
			);
			runOnlyForDeploymentPostprocessing = 0;
		};
/* End PBXResourcesBuildPhase section */

/* Begin PBXSourcesBuildPhase section */
		3229E0621B7B1BE4002E4608 /* Sources */ = {
			isa = PBXSourcesBuildPhase;
			buildActionMask = 2147483647;
			files = (
				3229E0721B7B1BE4002E4608 /* ViewController.m in Sources */,
				3229E09A1B7B2845002E4608 /* TipsView.m in Sources */,
				3229E0961B7B1BFC002E4608 /* NSObject+Toast.m in Sources */,
				3229E06F1B7B1BE4002E4608 /* AppDelegate.m in Sources */,
				3229E06C1B7B1BE4002E4608 /* main.m in Sources */,
			);
			runOnlyForDeploymentPostprocessing = 0;
		};
		3229E07B1B7B1BE4002E4608 /* Sources */ = {
			isa = PBXSourcesBuildPhase;
			buildActionMask = 2147483647;
			files = (
				3229E0861B7B1BE4002E4608 /* TipsTTests.m in Sources */,
			);
			runOnlyForDeploymentPostprocessing = 0;
		};
/* End PBXSourcesBuildPhase section */

/* Begin PBXTargetDependency section */
		3229E0811B7B1BE4002E4608 /* PBXTargetDependency */ = {
			isa = PBXTargetDependency;
			target = 3229E0651B7B1BE4002E4608 /* TipsT */;
			targetProxy = 3229E0801B7B1BE4002E4608 /* PBXContainerItemProxy */;
		};
/* End PBXTargetDependency section */

/* Begin PBXVariantGroup section */
		3229E0731B7B1BE4002E4608 /* Main.storyboard */ = {
			isa = PBXVariantGroup;
			children = (
				3229E0741B7B1BE4002E4608 /* Base */,
			);
			name = Main.storyboard;
			sourceTree = "<group>";
		};
		3229E0781B7B1BE4002E4608 /* LaunchScreen.xib */ = {
			isa = PBXVariantGroup;
			children = (
				3229E0791B7B1BE4002E4608 /* Base */,
			);
			name = LaunchScreen.xib;
			sourceTree = "<group>";
		};
/* End PBXVariantGroup section */

/* Begin XCBuildConfiguration section */
		3229E0871B7B1BE4002E4608 /* Debug */ = {
			isa = XCBuildConfiguration;
			buildSettings = {
				ALWAYS_SEARCH_USER_PATHS = NO;
				CLANG_CXX_LANGUAGE_STANDARD = "gnu++0x";
				CLANG_CXX_LIBRARY = "libc++";
				CLANG_ENABLE_MODULES = YES;
				CLANG_ENABLE_OBJC_ARC = YES;
				CLANG_WARN_BOOL_CONVERSION = YES;
				CLANG_WARN_CONSTANT_CONVERSION = YES;
				CLANG_WARN_DIRECT_OBJC_ISA_USAGE = YES_ERROR;
				CLANG_WARN_EMPTY_BODY = YES;
				CLANG_WARN_ENUM_CONVERSION = YES;
				CLANG_WARN_INT_CONVERSION = YES;
				CLANG_WARN_OBJC_ROOT_CLASS = YES_ERROR;
				CLANG_WARN_UNREACHABLE_CODE = YES;
				CLANG_WARN__DUPLICATE_METHOD_MATCH = YES;
				"CODE_SIGN_IDENTITY[sdk=iphoneos*]" = "iPhone Developer";
				COPY_PHASE_STRIP = NO;
				DEBUG_INFORMATION_FORMAT = "dwarf-with-dsym";
				ENABLE_STRICT_OBJC_MSGSEND = YES;
				GCC_C_LANGUAGE_STANDARD = gnu99;
				GCC_DYNAMIC_NO_PIC = NO;
				GCC_NO_COMMON_BLOCKS = YES;
				GCC_OPTIMIZATION_LEVEL = 0;
				GCC_PREPROCESSOR_DEFINITIONS = (
					"DEBUG=1",
					"$(inherited)",
				);
				GCC_SYMBOLS_PRIVATE_EXTERN = NO;
				GCC_WARN_64_TO_32_BIT_CONVERSION = YES;
				GCC_WARN_ABOUT_RETURN_TYPE = YES_ERROR;
				GCC_WARN_UNDECLARED_SELECTOR = YES;
				GCC_WARN_UNINITIALIZED_AUTOS = YES_AGGRESSIVE;
				GCC_WARN_UNUSED_FUNCTION = YES;
				GCC_WARN_UNUSED_VARIABLE = YES;
				IPHONEOS_DEPLOYMENT_TARGET = 8.4;
				MTL_ENABLE_DEBUG_INFO = YES;
				ONLY_ACTIVE_ARCH = YES;
				SDKROOT = iphoneos;
			};
			name = Debug;
		};
		3229E0881B7B1BE4002E4608 /* Release */ = {
			isa = XCBuildConfiguration;
			buildSettings = {
				ALWAYS_SEARCH_USER_PATHS = NO;
				CLANG_CXX_LANGUAGE_STANDARD = "gnu++0x";
				CLANG_CXX_LIBRARY = "libc++";
				CLANG_ENABLE_MODULES = YES;
				CLANG_ENABLE_OBJC_ARC = YES;
				CLANG_WARN_BOOL_CONVERSION = YES;
				CLANG_WARN_CONSTANT_CONVERSION = YES;
				CLANG_WARN_DIRECT_OBJC_ISA_USAGE = YES_ERROR;
				CLANG_WARN_EMPTY_BODY = YES;
				CLANG_WARN_ENUM_CONVERSION = YES;
				CLANG_WARN_INT_CONVERSION = YES;
				CLANG_WARN_OBJC_ROOT_CLASS = YES_ERROR;
				CLANG_WARN_UNREACHABLE_CODE = YES;
				CLANG_WARN__DUPLICATE_METHOD_MATCH = YES;
				"CODE_SIGN_IDENTITY[sdk=iphoneos*]" = "iPhone Developer";
				COPY_PHASE_STRIP = NO;
				DEBUG_INFORMATION_FORMAT = "dwarf-with-dsym";
				ENABLE_NS_ASSERTIONS = NO;
				ENABLE_STRICT_OBJC_MSGSEND = YES;
				GCC_C_LANGUAGE_STANDARD = gnu99;
				GCC_NO_COMMON_BLOCKS = YES;
				GCC_WARN_64_TO_32_BIT_CONVERSION = YES;
				GCC_WARN_ABOUT_RETURN_TYPE = YES_ERROR;
				GCC_WARN_UNDECLARED_SELECTOR = YES;
				GCC_WARN_UNINITIALIZED_AUTOS = YES_AGGRESSIVE;
				GCC_WARN_UNUSED_FUNCTION = YES;
				GCC_WARN_UNUSED_VARIABLE = YES;
				IPHONEOS_DEPLOYMENT_TARGET = 8.4;
				MTL_ENABLE_DEBUG_INFO = NO;
				SDKROOT = iphoneos;
				VALIDATE_PRODUCT = YES;
			};
			name = Release;
		};
		3229E08A1B7B1BE4002E4608 /* Debug */ = {
			isa = XCBuildConfiguration;
			buildSettings = {
				ASSETCATALOG_COMPILER_APPICON_NAME = AppIcon;
				INFOPLIST_FILE = TipsT/Info.plist;
				LD_RUNPATH_SEARCH_PATHS = "$(inherited) @executable_path/Frameworks";
				PRODUCT_NAME = "$(TARGET_NAME)";
			};
			name = Debug;
		};
		3229E08B1B7B1BE4002E4608 /* Release */ = {
			isa = XCBuildConfiguration;
			buildSettings = {
				ASSETCATALOG_COMPILER_APPICON_NAME = AppIcon;
				INFOPLIST_FILE = TipsT/Info.plist;
				LD_RUNPATH_SEARCH_PATHS = "$(inherited) @executable_path/Frameworks";
				PRODUCT_NAME = "$(TARGET_NAME)";
			};
			name = Release;
		};
		3229E08D1B7B1BE4002E4608 /* Debug */ = {
			isa = XCBuildConfiguration;
			buildSettings = {
				BUNDLE_LOADER = "$(TEST_HOST)";
				FRAMEWORK_SEARCH_PATHS = (
					"$(SDKROOT)/Developer/Library/Frameworks",
					"$(inherited)",
				);
				GCC_PREPROCESSOR_DEFINITIONS = (
					"DEBUG=1",
					"$(inherited)",
				);
				INFOPLIST_FILE = TipsTTests/Info.plist;
				LD_RUNPATH_SEARCH_PATHS = "$(inherited) @executable_path/Frameworks @loader_path/Frameworks";
				PRODUCT_NAME = "$(TARGET_NAME)";
				TEST_HOST = "$(BUILT_PRODUCTS_DIR)/TipsT.app/TipsT";
			};
			name = Debug;
		};
		3229E08E1B7B1BE4002E4608 /* Release */ = {
			isa = XCBuildConfiguration;
			buildSettings = {
				BUNDLE_LOADER = "$(TEST_HOST)";
				FRAMEWORK_SEARCH_PATHS = (
					"$(SDKROOT)/Developer/Library/Frameworks",
					"$(inherited)",
				);
				INFOPLIST_FILE = TipsTTests/Info.plist;
				LD_RUNPATH_SEARCH_PATHS = "$(inherited) @executable_path/Frameworks @loader_path/Frameworks";
				PRODUCT_NAME = "$(TARGET_NAME)";
				TEST_HOST = "$(BUILT_PRODUCTS_DIR)/TipsT.app/TipsT";
			};
			name = Release;
		};
/* End XCBuildConfiguration section */

/* Begin XCConfigurationList section */
		3229E0611B7B1BE3002E4608 /* Build configuration list for PBXProject "TipsT" */ = {
			isa = XCConfigurationList;
			buildConfigurations = (
				3229E0871B7B1BE4002E4608 /* Debug */,
				3229E0881B7B1BE4002E4608 /* Release */,
			);
			defaultConfigurationIsVisible = 0;
			defaultConfigurationName = Release;
		};
		3229E0891B7B1BE4002E4608 /* Build configuration list for PBXNativeTarget "TipsT" */ = {
			isa = XCConfigurationList;
			buildConfigurations = (
				3229E08A1B7B1BE4002E4608 /* Debug */,
				3229E08B1B7B1BE4002E4608 /* Release */,
			);
			defaultConfigurationIsVisible = 0;
		};
		3229E08C1B7B1BE4002E4608 /* Build configuration list for PBXNativeTarget "TipsTTests" */ = {
			isa = XCConfigurationList;
			buildConfigurations = (
				3229E08D1B7B1BE4002E4608 /* Debug */,
				3229E08E1B7B1BE4002E4608 /* Release */,
			);
			defaultConfigurationIsVisible = 0;
		};
/* End XCConfigurationList section */
	};
	rootObject = 3229E05E1B7B1BE3002E4608 /* Project object */;
}
